schema: '2.0'
stages:
  train:
    cmd: python3.11 src/train.py data/prepared model
    deps:
    - path: data/prepared
      hash: md5
      md5: c3ab63f017233258473081eb80142c18.dir
      size: 6619332
      nfiles: 8
    - path: src/train.py
      hash: md5
      md5: 94653c366c27a8975e3534d0f90c2999
      size: 3857
    - path: src/utils/seed.py
      hash: md5
      md5: 3a792a2e3aece6c04c2756bc133a5cd1
      size: 438
    params:
      params.yaml:
        train:
          seed: 77
          lr: 0.001
          epochs: 10
          conv_size: 64
          dense_size: 128
          output_classes: 11
    outs:
    - path: model
      hash: md5
      md5: 319efa9b3d0b5793654ba324f1f340ae.dir
      size: 8381272
      nfiles: 2
  evaluate:
    cmd: python3.11 src/evaluate.py model data/prepared
    deps:
    - path: model
      hash: md5
      md5: 319efa9b3d0b5793654ba324f1f340ae.dir
      size: 8381272
      nfiles: 2
    - path: src/evaluate.py
      hash: md5
      md5: 527f2fc7de92407c8919b886c77635fd
      size: 5481
    outs:
    - path: evaluation/metrics.json
      hash: md5
      md5: 6b5d7bd430983bd05c2081badf0fad03
      size: 61
      isexec: true
    - path: evaluation/plots/confusion_matrix.png
      hash: md5
      md5: 0b551b0dc0f6ef5caf6675ebafd4228f
      size: 45676
      isexec: true
    - path: evaluation/plots/pred_preview.png
      hash: md5
      md5: fe53070d35db771ccf5254160a58e7c2
      size: 43555
      isexec: true
    - path: evaluation/plots/training_history.png
      hash: md5
      md5: 2dc64566f48279db33cd8d7056910dbb
      size: 37303
      isexec: true
