schema: '2.0'
stages:
  train:
    cmd: python3.11 src/train.py data/prepared model
    deps:
    - path: data/prepared
      hash: md5
      md5: c3ab63f017233258473081eb80142c18.dir
      size: 6619332
      nfiles: 8
    - path: src/train.py
      hash: md5
      md5: 7e5fb091cae511b7a2cc365cff38077e
      size: 2568
    - path: src/utils/seed.py
      hash: md5
      md5: 3a792a2e3aece6c04c2756bc133a5cd1
      size: 438
    params:
      params.yaml:
        train:
          seed: 77
          lr: 0.001
          epochs: 10
          conv_size: 64
          dense_size: 128
          output_classes: 11
    outs:
    - path: model
      hash: md5
      md5: cc8977197bdc601cb62121cad562477f.dir
      size: 9883070
      nfiles: 2
  evaluate:
    cmd: python3.11 src/evaluate.py model data/prepared
    deps:
    - path: model
      hash: md5
      md5: cc8977197bdc601cb62121cad562477f.dir
      size: 9883070
      nfiles: 2
    - path: src/evaluate.py
      hash: md5
      md5: 3ac2043eb143889a0abce9b9758bbc16
      size: 5187
    outs:
    - path: evaluation/metrics.json
      hash: md5
      md5: 6b5d7bd430983bd05c2081badf0fad03
      size: 61
      isexec: true
    - path: evaluation/plots/confusion_matrix.png
      hash: md5
      md5: 0b551b0dc0f6ef5caf6675ebafd4228f
      size: 45676
      isexec: true
    - path: evaluation/plots/pred_preview.png
      hash: md5
      md5: fe53070d35db771ccf5254160a58e7c2
      size: 43555
      isexec: true
    - path: evaluation/plots/training_history.png
      hash: md5
      md5: 2dc64566f48279db33cd8d7056910dbb
      size: 37303
      isexec: true
